
Microsoft Visual Studio Solution File, Format Version 12.00
# Visual Studio Version 17
VisualStudioVersion = 17.1.32328.378
MinimumVisualStudioVersion = 10.0.40219.1
Project("{FAE04EC0-301F-11D3-BF4B-00C04F79EFBC}") = "SavOWASP", "SavOWASP\SavOWASP.csproj", "{57429259-25B2-4688-9733-11ED577E16EC}"
EndProject
Global
	GlobalSection(SolutionConfigurationPlatforms) = preSolution
		Debug|Any CPU = Debug|Any CPU
		Release|Any CPU = Release|Any CPU
	EndGlobalSection
	GlobalSection(ProjectConfigurationPlatforms) = postSolution
		{57429259-25B2-4688-9733-11ED577E16EC}.Debug|Any CPU.ActiveCfg = Debug|Any CPU
		{57429259-25B2-4688-9733-11ED577E16EC}.Debug|Any CPU.Build.0 = Debug|Any CPU
		{57429259-25B2-4688-9733-11ED577E16EC}.Release|Any CPU.ActiveCfg = Release|Any CPU
		{57429259-25B2-4688-9733-11ED577E16EC}.Release|Any CPU.Build.0 = Release|Any CPU
	EndGlobalSection
	GlobalSection(SolutionProperties) = preSolution
		HideSolutionNode = FALSE
	EndGlobalSection
	GlobalSection(ExtensibilityGlobals) = postSolution
		SolutionGuid = {26850740-13D2-4DA1-B263-4FB35A5777A6}
	EndGlobalSection
EndGlobal
